
Microsoft Visual Studio Solution File, Format Version 12.00
# Visual Studio Version 16
VisualStudioVersion = 16.0.29001.49
MinimumVisualStudioVersion = 10.0.40219.1
Project("{FAE04EC0-301F-11D3-BF4B-00C04F79EFBC}") = "CSAY Simple GIS", "CSAY Simple GIS\CSAY Simple GIS.csproj", "{F060FF40-23D9-4B18-A992-25EB37389F77}"
EndProject
Global
	GlobalSection(SolutionConfigurationPlatforms) = preSolution
		Debug|Any CPU = Debug|Any CPU
		Release|Any CPU = Release|Any CPU
	EndGlobalSection
	GlobalSection(ProjectConfigurationPlatforms) = postSolution
		{F060FF40-23D9-4B18-A992-25EB37389F77}.Debug|Any CPU.ActiveCfg = Debug|Any CPU
		{F060FF40-23D9-4B18-A992-25EB37389F77}.Debug|Any CPU.Build.0 = Debug|Any CPU
		{F060FF40-23D9-4B18-A992-25EB37389F77}.Release|Any CPU.ActiveCfg = Release|Any CPU
		{F060FF40-23D9-4B18-A992-25EB37389F77}.Release|Any CPU.Build.0 = Release|Any CPU
	EndGlobalSection
	GlobalSection(SolutionProperties) = preSolution
		HideSolutionNode = FALSE
	EndGlobalSection
	GlobalSection(ExtensibilityGlobals) = postSolution
		SolutionGuid = {CFF24EA6-B82D-4A8E-A497-5F24BFBA23F5}
	EndGlobalSection
EndGlobal
